// !$*UTF8*$!
{
	archiveVersion = 1;
	classes = {
	};
	objectVersion = 46;
	objects = {

/* Begin PBXBuildFile section */
		1897CB6819BEEBBD00F3958D /* TwoViewController.m in Sources */ = {isa = PBXBuildFile; fileRef = 1897CB6719BEEBBD00F3958D /* TwoViewController.m */; };
		18E9EB0A19C13D7C003CD74A /* marc.jpg in Resources */ = {isa = PBXBuildFile; fileRef = 18E9EB0819C13D7C003CD74A /* marc.jpg */; };
		18E9EB0B19C13D7C003CD74A /* toto.jpg in Resources */ = {isa = PBXBuildFile; fileRef = 18E9EB0919C13D7C003CD74A /* toto.jpg */; };
		18E9EB0D19C149A6003CD74A /* lipstick-kiss-vector-illustration_23-2147492556.png in Resources */ = {isa = PBXBuildFile; fileRef = 18E9EB0C19C149A6003CD74A /* lipstick-kiss-vector-illustration_23-2147492556.png */; };
		18F6581719BED7260022A410 /* Foundation.framework in Frameworks */ = {isa = PBXBuildFile; fileRef = 18F6581619BED7260022A410 /* Foundation.framework */; };
		18F6581919BED7260022A410 /* CoreGraphics.framework in Frameworks */ = {isa = PBXBuildFile; fileRef = 18F6581819BED7260022A410 /* CoreGraphics.framework */; };
		18F6581B19BED7260022A410 /* UIKit.framework in Frameworks */ = {isa = PBXBuildFile; fileRef = 18F6581A19BED7260022A410 /* UIKit.framework */; };
		18F6582119BED7260022A410 /* InfoPlist.strings in Resources */ = {isa = PBXBuildFile; fileRef = 18F6581F19BED7260022A410 /* InfoPlist.strings */; };
		18F6582319BED7260022A410 /* main.m in Sources */ = {isa = PBXBuildFile; fileRef = 18F6582219BED7260022A410 /* main.m */; };
		18F6582719BED7260022A410 /* AppDelegate.m in Sources */ = {isa = PBXBuildFile; fileRef = 18F6582619BED7260022A410 /* AppDelegate.m */; };
		18F6582A19BED7260022A410 /* Main_iPhone.storyboard in Resources */ = {isa = PBXBuildFile; fileRef = 18F6582819BED7260022A410 /* Main_iPhone.storyboard */; };
		18F6582D19BED7260022A410 /* Main_iPad.storyboard in Resources */ = {isa = PBXBuildFile; fileRef = 18F6582B19BED7260022A410 /* Main_iPad.storyboard */; };
		18F6583019BED7260022A410 /* ViewController.m in Sources */ = {isa = PBXBuildFile; fileRef = 18F6582F19BED7260022A410 /* ViewController.m */; };
		18F6583219BED7260022A410 /* Images.xcassets in Resources */ = {isa = PBXBuildFile; fileRef = 18F6583119BED7260022A410 /* Images.xcassets */; };
		18F6583919BED7260022A410 /* XCTest.framework in Frameworks */ = {isa = PBXBuildFile; fileRef = 18F6583819BED7260022A410 /* XCTest.framework */; };
		18F6583A19BED7260022A410 /* Foundation.framework in Frameworks */ = {isa = PBXBuildFile; fileRef = 18F6581619BED7260022A410 /* Foundation.framework */; };
		18F6583B19BED7260022A410 /* UIKit.framework in Frameworks */ = {isa = PBXBuildFile; fileRef = 18F6581A19BED7260022A410 /* UIKit.framework */; };
		18F6584319BED7260022A410 /* InfoPlist.strings in Resources */ = {isa = PBXBuildFile; fileRef = 18F6584119BED7260022A410 /* InfoPlist.strings */; };
		18F6584519BED7260022A410 /* MyFirstMobileAppTests.m in Sources */ = {isa = PBXBuildFile; fileRef = 18F6584419BED7260022A410 /* MyFirstMobileAppTests.m */; };
/* End PBXBuildFile section */

/* Begin PBXContainerItemProxy section */
		18F6583C19BED7260022A410 /* PBXContainerItemProxy */ = {
			isa = PBXContainerItemProxy;
			containerPortal = 18F6580B19BED7260022A410 /* Project object */;
			proxyType = 1;
			remoteGlobalIDString = 18F6581219BED7260022A410;
			remoteInfo = MyFirstMobileApp;
		};
/* End PBXContainerItemProxy section */

/* Begin PBXFileReference section */
		1897CB6619BEEBBD00F3958D /* TwoViewController.h */ = {isa = PBXFileReference; fileEncoding = 4; lastKnownFileType = sourcecode.c.h; path = TwoViewController.h; sourceTree = "<group>"; };
		1897CB6719BEEBBD00F3958D /* TwoViewController.m */ = {isa = PBXFileReference; fileEncoding = 4; lastKnownFileType = sourcecode.c.objc; path = TwoViewController.m; sourceTree = "<group>"; };
		18E9EB0819C13D7C003CD74A /* marc.jpg */ = {isa = PBXFileReference; lastKnownFileType = image.jpeg; path = marc.jpg; sourceTree = SOURCE_ROOT; };
		18E9EB0919C13D7C003CD74A /* toto.jpg */ = {isa = PBXFileReference; lastKnownFileType = image.jpeg; path = toto.jpg; sourceTree = SOURCE_ROOT; };
		18E9EB0C19C149A6003CD74A /* lipstick-kiss-vector-illustration_23-2147492556.png */ = {isa = PBXFileReference; lastKnownFileType = image.png; path = "lipstick-kiss-vector-illustration_23-2147492556.png"; sourceTree = SOURCE_ROOT; };
		18F6581319BED7260022A410 /* MyFirstMobileApp.app */ = {isa = PBXFileReference; explicitFileType = wrapper.application; includeInIndex = 0; path = MyFirstMobileApp.app; sourceTree = BUILT_PRODUCTS_DIR; };
		18F6581619BED7260022A410 /* Foundation.framework */ = {isa = PBXFileReference; lastKnownFileType = wrapper.framework; name = Foundation.framework; path = System/Library/Frameworks/Foundation.framework; sourceTree = SDKROOT; };
		18F6581819BED7260022A410 /* CoreGraphics.framework */ = {isa = PBXFileReference; lastKnownFileType = wrapper.framework; name = CoreGraphics.framework; path = System/Library/Frameworks/CoreGraphics.framework; sourceTree = SDKROOT; };
		18F6581A19BED7260022A410 /* UIKit.framework */ = {isa = PBXFileReference; lastKnownFileType = wrapper.framework; name = UIKit.framework; path = System/Library/Frameworks/UIKit.framework; sourceTree = SDKROOT; };
		18F6581E19BED7260022A410 /* MyFirstMobileApp-Info.plist */ = {isa = PBXFileReference; lastKnownFileType = text.plist.xml; path = "MyFirstMobileApp-Info.plist"; sourceTree = "<group>"; };
		18F6582019BED7260022A410 /* en */ = {isa = PBXFileReference; lastKnownFileType = text.plist.strings; name = en; path = en.lproj/InfoPlist.strings; sourceTree = "<group>"; };
		18F6582219BED7260022A410 /* main.m */ = {isa = PBXFileReference; lastKnownFileType = sourcecode.c.objc; path = main.m; sourceTree = "<group>"; };
		18F6582419BED7260022A410 /* MyFirstMobileApp-Prefix.pch */ = {isa = PBXFileReference; lastKnownFileType = sourcecode.c.h; path = "MyFirstMobileApp-Prefix.pch"; sourceTree = "<group>"; };
		18F6582519BED7260022A410 /* AppDelegate.h */ = {isa = PBXFileReference; lastKnownFileType = sourcecode.c.h; path = AppDelegate.h; sourceTree = "<group>"; };
		18F6582619BED7260022A410 /* AppDelegate.m */ = {isa = PBXFileReference; lastKnownFileType = sourcecode.c.objc; path = AppDelegate.m; sourceTree = "<group>"; };
		18F6582919BED7260022A410 /* Base */ = {isa = PBXFileReference; lastKnownFileType = file.storyboard; name = Base; path = Base.lproj/Main_iPhone.storyboard; sourceTree = "<group>"; };
		18F6582C19BED7260022A410 /* Base */ = {isa = PBXFileReference; lastKnownFileType = file.storyboard; name = Base; path = Base.lproj/Main_iPad.storyboard; sourceTree = "<group>"; };
		18F6582E19BED7260022A410 /* ViewController.h */ = {isa = PBXFileReference; lastKnownFileType = sourcecode.c.h; path = ViewController.h; sourceTree = "<group>"; };
		18F6582F19BED7260022A410 /* ViewController.m */ = {isa = PBXFileReference; lastKnownFileType = sourcecode.c.objc; path = ViewController.m; sourceTree = "<group>"; };
		18F6583119BED7260022A410 /* Images.xcassets */ = {isa = PBXFileReference; lastKnownFileType = folder.assetcatalog; path = Images.xcassets; sourceTree = "<group>"; };
		18F6583719BED7260022A410 /* MyFirstMobileAppTests.xctest */ = {isa = PBXFileReference; explicitFileType = wrapper.cfbundle; includeInIndex = 0; path = MyFirstMobileAppTests.xctest; sourceTree = BUILT_PRODUCTS_DIR; };
		18F6583819BED7260022A410 /* XCTest.framework */ = {isa = PBXFileReference; lastKnownFileType = wrapper.framework; name = XCTest.framework; path = Library/Frameworks/XCTest.framework; sourceTree = DEVELOPER_DIR; };
		18F6584019BED7260022A410 /* MyFirstMobileAppTests-Info.plist */ = {isa = PBXFileReference; lastKnownFileType = text.plist.xml; path = "MyFirstMobileAppTests-Info.plist"; sourceTree = "<group>"; };
		18F6584219BED7260022A410 /* en */ = {isa = PBXFileReference; lastKnownFileType = text.plist.strings; name = en; path = en.lproj/InfoPlist.strings; sourceTree = "<group>"; };
		18F6584419BED7260022A410 /* MyFirstMobileAppTests.m */ = {isa = PBXFileReference; lastKnownFileType = sourcecode.c.objc; path = MyFirstMobileAppTests.m; sourceTree = "<group>"; };
/* End PBXFileReference section */

/* Begin PBXFrameworksBuildPhase section */
		18F6581019BED7260022A410 /* Frameworks */ = {
			isa = PBXFrameworksBuildPhase;
			buildActionMask = 2147483647;
			files = (
				18F6581919BED7260022A410 /* CoreGraphics.framework in Frameworks */,
				18F6581B19BED7260022A410 /* UIKit.framework in Frameworks */,
				18F6581719BED7260022A410 /* Foundation.framework in Frameworks */,
			);
			runOnlyForDeploymentPostprocessing = 0;
		};
		18F6583419BED7260022A410 /* Frameworks */ = {
			isa = PBXFrameworksBuildPhase;
			buildActionMask = 2147483647;
			files = (
				18F6583919BED7260022A410 /* XCTest.framework in Frameworks */,
				18F6583B19BED7260022A410 /* UIKit.framework in Frameworks */,
				18F6583A19BED7260022A410 /* Foundation.framework in Frameworks */,
			);
			runOnlyForDeploymentPostprocessing = 0;
		};
/* End PBXFrameworksBuildPhase section */

/* Begin PBXGroup section */
		18F6580A19BED7260022A410 = {
			isa = PBXGroup;
			children = (
				18F6581C19BED7260022A410 /* iSeduction */,
				18F6583E19BED7260022A410 /* MyFirstMobileAppTests */,
				18F6581519BED7260022A410 /* Frameworks */,
				18F6581419BED7260022A410 /* Products */,
			);
			sourceTree = "<group>";
		};
		18F6581419BED7260022A410 /* Products */ = {
			isa = PBXGroup;
			children = (
				18F6581319BED7260022A410 /* MyFirstMobileApp.app */,
				18F6583719BED7260022A410 /* MyFirstMobileAppTests.xctest */,
			);
			name = Products;
			sourceTree = "<group>";
		};
		18F6581519BED7260022A410 /* Frameworks */ = {
			isa = PBXGroup;
			children = (
				18F6581619BED7260022A410 /* Foundation.framework */,
				18F6581819BED7260022A410 /* CoreGraphics.framework */,
				18F6581A19BED7260022A410 /* UIKit.framework */,
				18F6583819BED7260022A410 /* XCTest.framework */,
			);
			name = Frameworks;
			sourceTree = "<group>";
		};
		18F6581C19BED7260022A410 /* iSeduction */ = {
			isa = PBXGroup;
			children = (
				18E9EB0C19C149A6003CD74A /* lipstick-kiss-vector-illustration_23-2147492556.png */,
				18E9EB0819C13D7C003CD74A /* marc.jpg */,
				18E9EB0919C13D7C003CD74A /* toto.jpg */,
				18F6582519BED7260022A410 /* AppDelegate.h */,
				18F6582619BED7260022A410 /* AppDelegate.m */,
				18F6582819BED7260022A410 /* Main_iPhone.storyboard */,
				1897CB6619BEEBBD00F3958D /* TwoViewController.h */,
				1897CB6719BEEBBD00F3958D /* TwoViewController.m */,
				18F6582B19BED7260022A410 /* Main_iPad.storyboard */,
				18F6582E19BED7260022A410 /* ViewController.h */,
				18F6582F19BED7260022A410 /* ViewController.m */,
				18F6583119BED7260022A410 /* Images.xcassets */,
				18F6581D19BED7260022A410 /* Supporting Files */,
			);
			name = iSeduction;
			path = MyFirstMobileApp;
			sourceTree = "<group>";
		};
		18F6581D19BED7260022A410 /* Supporting Files */ = {
			isa = PBXGroup;
			children = (
				18F6581E19BED7260022A410 /* MyFirstMobileApp-Info.plist */,
				18F6581F19BED7260022A410 /* InfoPlist.strings */,
				18F6582219BED7260022A410 /* main.m */,
				18F6582419BED7260022A410 /* MyFirstMobileApp-Prefix.pch */,
			);
			name = "Supporting Files";
			sourceTree = "<group>";
		};
		18F6583E19BED7260022A410 /* MyFirstMobileAppTests */ = {
			isa = PBXGroup;
			children = (
				18F6584419BED7260022A410 /* MyFirstMobileAppTests.m */,
				18F6583F19BED7260022A410 /* Supporting Files */,
			);
			path = MyFirstMobileAppTests;
			sourceTree = "<group>";
		};
		18F6583F19BED7260022A410 /* Supporting Files */ = {
			isa = PBXGroup;
			children = (
				18F6584019BED7260022A410 /* MyFirstMobileAppTests-Info.plist */,
				18F6584119BED7260022A410 /* InfoPlist.strings */,
			);
			name = "Supporting Files";
			sourceTree = "<group>";
		};
/* End PBXGroup section */

/* Begin PBXNativeTarget section */
		18F6581219BED7260022A410 /* MyFirstMobileApp */ = {
			isa = PBXNativeTarget;
			buildConfigurationList = 18F6584819BED7260022A410 /* Build configuration list for PBXNativeTarget "MyFirstMobileApp" */;
			buildPhases = (
				18F6580F19BED7260022A410 /* Sources */,
				18F6581019BED7260022A410 /* Frameworks */,
				18F6581119BED7260022A410 /* Resources */,
			);
			buildRules = (
			);
			dependencies = (
			);
			name = MyFirstMobileApp;
			productName = MyFirstMobileApp;
			productReference = 18F6581319BED7260022A410 /* MyFirstMobileApp.app */;
			productType = "com.apple.product-type.application";
		};
		18F6583619BED7260022A410 /* MyFirstMobileAppTests */ = {
			isa = PBXNativeTarget;
			buildConfigurationList = 18F6584B19BED7260022A410 /* Build configuration list for PBXNativeTarget "MyFirstMobileAppTests" */;
			buildPhases = (
				18F6583319BED7260022A410 /* Sources */,
				18F6583419BED7260022A410 /* Frameworks */,
				18F6583519BED7260022A410 /* Resources */,
			);
			buildRules = (
			);
			dependencies = (
				18F6583D19BED7260022A410 /* PBXTargetDependency */,
			);
			name = MyFirstMobileAppTests;
			productName = MyFirstMobileAppTests;
			productReference = 18F6583719BED7260022A410 /* MyFirstMobileAppTests.xctest */;
			productType = "com.apple.product-type.bundle.unit-test";
		};
/* End PBXNativeTarget section */

/* Begin PBXProject section */
		18F6580B19BED7260022A410 /* Project object */ = {
			isa = PBXProject;
			attributes = {
				LastUpgradeCheck = 0510;
				ORGANIZATIONNAME = "___FULLUSERNAME___";
				TargetAttributes = {
					18F6583619BED7260022A410 = {
						TestTargetID = 18F6581219BED7260022A410;
					};
				};
			};
			buildConfigurationList = 18F6580E19BED7260022A410 /* Build configuration list for PBXProject "iSeduction" */;
			compatibilityVersion = "Xcode 3.2";
			developmentRegion = English;
			hasScannedForEncodings = 0;
			knownRegions = (
				en,
				Base,
			);
			mainGroup = 18F6580A19BED7260022A410;
			productRefGroup = 18F6581419BED7260022A410 /* Products */;
			projectDirPath = "";
			projectRoot = "";
			targets = (
				18F6581219BED7260022A410 /* MyFirstMobileApp */,
				18F6583619BED7260022A410 /* MyFirstMobileAppTests */,
			);
		};
/* End PBXProject section */

/* Begin PBXResourcesBuildPhase section */
		18F6581119BED7260022A410 /* Resources */ = {
			isa = PBXResourcesBuildPhase;
			buildActionMask = 2147483647;
			files = (
				18F6582D19BED7260022A410 /* Main_iPad.storyboard in Resources */,
				18E9EB0B19C13D7C003CD74A /* toto.jpg in Resources */,
				18E9EB0A19C13D7C003CD74A /* marc.jpg in Resources */,
				18F6583219BED7260022A410 /* Images.xcassets in Resources */,
				18F6582A19BED7260022A410 /* Main_iPhone.storyboard in Resources */,
				18F6582119BED7260022A410 /* InfoPlist.strings in Resources */,
				18E9EB0D19C149A6003CD74A /* lipstick-kiss-vector-illustration_23-2147492556.png in Resources */,
			);
			runOnlyForDeploymentPostprocessing = 0;
		};
		18F6583519BED7260022A410 /* Resources */ = {
			isa = PBXResourcesBuildPhase;
			buildActionMask = 2147483647;
			files = (
				18F6584319BED7260022A410 /* InfoPlist.strings in Resources */,
			);
			runOnlyForDeploymentPostprocessing = 0;
		};
/* End PBXResourcesBuildPhase section */

/* Begin PBXSourcesBuildPhase section */
		18F6580F19BED7260022A410 /* Sources */ = {
			isa = PBXSourcesBuildPhase;
			buildActionMask = 2147483647;
			files = (
				18F6583019BED7260022A410 /* ViewController.m in Sources */,
				18F6582719BED7260022A410 /* AppDelegate.m in Sources */,
				1897CB6819BEEBBD00F3958D /* TwoViewController.m in Sources */,
				18F6582319BED7260022A410 /* main.m in Sources */,
			);
			runOnlyForDeploymentPostprocessing = 0;
		};
		18F6583319BED7260022A410 /* Sources */ = {
			isa = PBXSourcesBuildPhase;
			buildActionMask = 2147483647;
			files = (
				18F6584519BED7260022A410 /* MyFirstMobileAppTests.m in Sources */,
			);
			runOnlyForDeploymentPostprocessing = 0;
		};
/* End PBXSourcesBuildPhase section */

/* Begin PBXTargetDependency section */
		18F6583D19BED7260022A410 /* PBXTargetDependency */ = {
			isa = PBXTargetDependency;
			target = 18F6581219BED7260022A410 /* MyFirstMobileApp */;
			targetProxy = 18F6583C19BED7260022A410 /* PBXContainerItemProxy */;
		};
/* End PBXTargetDependency section */

/* Begin PBXVariantGroup section */
		18F6581F19BED7260022A410 /* InfoPlist.strings */ = {
			isa = PBXVariantGroup;
			children = (
				18F6582019BED7260022A410 /* en */,
			);
			name = InfoPlist.strings;
			sourceTree = "<group>";
		};
		18F6582819BED7260022A410 /* Main_iPhone.storyboard */ = {
			isa = PBXVariantGroup;
			children = (
				18F6582919BED7260022A410 /* Base */,
			);
			name = Main_iPhone.storyboard;
			sourceTree = "<group>";
		};
		18F6582B19BED7260022A410 /* Main_iPad.storyboard */ = {
			isa = PBXVariantGroup;
			children = (
				18F6582C19BED7260022A410 /* Base */,
			);
			name = Main_iPad.storyboard;
			sourceTree = "<group>";
		};
		18F6584119BED7260022A410 /* InfoPlist.strings */ = {
			isa = PBXVariantGroup;
			children = (
				18F6584219BED7260022A410 /* en */,
			);
			name = InfoPlist.strings;
			sourceTree = "<group>";
		};
/* End PBXVariantGroup section */

/* Begin XCBuildConfiguration section */
		18F6584619BED7260022A410 /* Debug */ = {
			isa = XCBuildConfiguration;
			buildSettings = {
				ALWAYS_SEARCH_USER_PATHS = NO;
				CLANG_CXX_LANGUAGE_STANDARD = "gnu++0x";
				CLANG_CXX_LIBRARY = "libc++";
				CLANG_ENABLE_MODULES = YES;
				CLANG_ENABLE_OBJC_ARC = YES;
				CLANG_WARN_BOOL_CONVERSION = YES;
				CLANG_WARN_CONSTANT_CONVERSION = YES;
				CLANG_WARN_DIRECT_OBJC_ISA_USAGE = YES_ERROR;
				CLANG_WARN_EMPTY_BODY = YES;
				CLANG_WARN_ENUM_CONVERSION = YES;
				CLANG_WARN_INT_CONVERSION = YES;
				CLANG_WARN_OBJC_ROOT_CLASS = YES_ERROR;
				CLANG_WARN__DUPLICATE_METHOD_MATCH = YES;
				"CODE_SIGN_IDENTITY[sdk=iphoneos*]" = "iPhone Developer";
				COPY_PHASE_STRIP = NO;
				GCC_C_LANGUAGE_STANDARD = gnu99;
				GCC_DYNAMIC_NO_PIC = NO;
				GCC_OPTIMIZATION_LEVEL = 0;
				GCC_PREPROCESSOR_DEFINITIONS = (
					"DEBUG=1",
					"$(inherited)",
				);
				GCC_SYMBOLS_PRIVATE_EXTERN = NO;
				GCC_WARN_64_TO_32_BIT_CONVERSION = YES;
				GCC_WARN_ABOUT_RETURN_TYPE = YES_ERROR;
				GCC_WARN_UNDECLARED_SELECTOR = YES;
				GCC_WARN_UNINITIALIZED_AUTOS = YES_AGGRESSIVE;
				GCC_WARN_UNUSED_FUNCTION = YES;
				GCC_WARN_UNUSED_VARIABLE = YES;
				IPHONEOS_DEPLOYMENT_TARGET = 7.1;
				ONLY_ACTIVE_ARCH = YES;
				SDKROOT = iphoneos;
				TARGETED_DEVICE_FAMILY = "1,2";
			};
			name = Debug;
		};
		18F6584719BED7260022A410 /* Release */ = {
			isa = XCBuildConfiguration;
			buildSettings = {
				ALWAYS_SEARCH_USER_PATHS = NO;
				CLANG_CXX_LANGUAGE_STANDARD = "gnu++0x";
				CLANG_CXX_LIBRARY = "libc++";
				CLANG_ENABLE_MODULES = YES;
				CLANG_ENABLE_OBJC_ARC = YES;
				CLANG_WARN_BOOL_CONVERSION = YES;
				CLANG_WARN_CONSTANT_CONVERSION = YES;
				CLANG_WARN_DIRECT_OBJC_ISA_USAGE = YES_ERROR;
				CLANG_WARN_EMPTY_BODY = YES;
				CLANG_WARN_ENUM_CONVERSION = YES;
				CLANG_WARN_INT_CONVERSION = YES;
				CLANG_WARN_OBJC_ROOT_CLASS = YES_ERROR;
				CLANG_WARN__DUPLICATE_METHOD_MATCH = YES;
				"CODE_SIGN_IDENTITY[sdk=iphoneos*]" = "iPhone Developer";
				COPY_PHASE_STRIP = YES;
				ENABLE_NS_ASSERTIONS = NO;
				GCC_C_LANGUAGE_STANDARD = gnu99;
				GCC_WARN_64_TO_32_BIT_CONVERSION = YES;
				GCC_WARN_ABOUT_RETURN_TYPE = YES_ERROR;
				GCC_WARN_UNDECLARED_SELECTOR = YES;
				GCC_WARN_UNINITIALIZED_AUTOS = YES_AGGRESSIVE;
				GCC_WARN_UNUSED_FUNCTION = YES;
				GCC_WARN_UNUSED_VARIABLE = YES;
				IPHONEOS_DEPLOYMENT_TARGET = 7.1;
				SDKROOT = iphoneos;
				TARGETED_DEVICE_FAMILY = "1,2";
				VALIDATE_PRODUCT = YES;
			};
			name = Release;
		};
		18F6584919BED7260022A410 /* Debug */ = {
			isa = XCBuildConfiguration;
			buildSettings = {
				ASSETCATALOG_COMPILER_LAUNCHIMAGE_NAME = LaunchImage;
				GCC_PRECOMPILE_PREFIX_HEADER = YES;
				GCC_PREFIX_HEADER = "MyFirstMobileApp/MyFirstMobileApp-Prefix.pch";
				INFOPLIST_FILE = "MyFirstMobileApp/MyFirstMobileApp-Info.plist";
				PRODUCT_NAME = "$(TARGET_NAME)";
				WRAPPER_EXTENSION = app;
			};
			name = Debug;
		};
		18F6584A19BED7260022A410 /* Release */ = {
			isa = XCBuildConfiguration;
			buildSettings = {
				ASSETCATALOG_COMPILER_LAUNCHIMAGE_NAME = LaunchImage;
				GCC_PRECOMPILE_PREFIX_HEADER = YES;
				GCC_PREFIX_HEADER = "MyFirstMobileApp/MyFirstMobileApp-Prefix.pch";
				INFOPLIST_FILE = "MyFirstMobileApp/MyFirstMobileApp-Info.plist";
				PRODUCT_NAME = "$(TARGET_NAME)";
				WRAPPER_EXTENSION = app;
			};
			name = Release;
		};
		18F6584C19BED7260022A410 /* Debug */ = {
			isa = XCBuildConfiguration;
			buildSettings = {
				BUNDLE_LOADER = "$(BUILT_PRODUCTS_DIR)/MyFirstMobileApp.app/MyFirstMobileApp";
				FRAMEWORK_SEARCH_PATHS = (
					"$(SDKROOT)/Developer/Library/Frameworks",
					"$(inherited)",
					"$(DEVELOPER_FRAMEWORKS_DIR)",
				);
				GCC_PRECOMPILE_PREFIX_HEADER = YES;
				GCC_PREFIX_HEADER = "MyFirstMobileApp/MyFirstMobileApp-Prefix.pch";
				GCC_PREPROCESSOR_DEFINITIONS = (
					"DEBUG=1",
					"$(inherited)",
				);
				INFOPLIST_FILE = "MyFirstMobileAppTests/MyFirstMobileAppTests-Info.plist";
				PRODUCT_NAME = "$(TARGET_NAME)";
				TEST_HOST = "$(BUNDLE_LOADER)";
				WRAPPER_EXTENSION = xctest;
			};
			name = Debug;
		};
		18F6584D19BED7260022A410 /* Release */ = {
			isa = XCBuildConfiguration;
			buildSettings = {
				BUNDLE_LOADER = "$(BUILT_PRODUCTS_DIR)/MyFirstMobileApp.app/MyFirstMobileApp";
				FRAMEWORK_SEARCH_PATHS = (
					"$(SDKROOT)/Developer/Library/Frameworks",
					"$(inherited)",
					"$(DEVELOPER_FRAMEWORKS_DIR)",
				);
				GCC_PRECOMPILE_PREFIX_HEADER = YES;
				GCC_PREFIX_HEADER = "MyFirstMobileApp/MyFirstMobileApp-Prefix.pch";
				INFOPLIST_FILE = "MyFirstMobileAppTests/MyFirstMobileAppTests-Info.plist";
				PRODUCT_NAME = "$(TARGET_NAME)";
				TEST_HOST = "$(BUNDLE_LOADER)";
				WRAPPER_EXTENSION = xctest;
			};
			name = Release;
		};
/* End XCBuildConfiguration section */

/* Begin XCConfigurationList section */
		18F6580E19BED7260022A410 /* Build configuration list for PBXProject "iSeduction" */ = {
			isa = XCConfigurationList;
			buildConfigurations = (
				18F6584619BED7260022A410 /* Debug */,
				18F6584719BED7260022A410 /* Release */,
			);
			defaultConfigurationIsVisible = 0;
			defaultConfigurationName = Release;
		};
		18F6584819BED7260022A410 /* Build configuration list for PBXNativeTarget "MyFirstMobileApp" */ = {
			isa = XCConfigurationList;
			buildConfigurations = (
				18F6584919BED7260022A410 /* Debug */,
				18F6584A19BED7260022A410 /* Release */,
			);
			defaultConfigurationIsVisible = 0;
			defaultConfigurationName = Release;
		};
		18F6584B19BED7260022A410 /* Build configuration list for PBXNativeTarget "MyFirstMobileAppTests" */ = {
			isa = XCConfigurationList;
			buildConfigurations = (
				18F6584C19BED7260022A410 /* Debug */,
				18F6584D19BED7260022A410 /* Release */,
			);
			defaultConfigurationIsVisible = 0;
			defaultConfigurationName = Release;
		};
/* End XCConfigurationList section */
	};
	rootObject = 18F6580B19BED7260022A410 /* Project object */;
}
